
Microsoft Visual Studio Solution File, Format Version 12.00
# Visual Studio Version 17
VisualStudioVersion = 17.9.34902.65
MinimumVisualStudioVersion = 10.0.40219.1
Project("{FAE04EC0-301F-11D3-BF4B-00C04F79EFBC}") = "Tik Tak Toe", "Tik Tak Toe.csproj", "{D3EEA0CE-46BB-474B-A048-9E8D7330638A}"
EndProject
Global
	GlobalSection(SolutionConfigurationPlatforms) = preSolution
		Debug|Any CPU = Debug|Any CPU
		Release|Any CPU = Release|Any CPU
	EndGlobalSection
	GlobalSection(ProjectConfigurationPlatforms) = postSolution
		{D3EEA0CE-46BB-474B-A048-9E8D7330638A}.Debug|Any CPU.ActiveCfg = Debug|Any CPU
		{D3EEA0CE-46BB-474B-A048-9E8D7330638A}.Debug|Any CPU.Build.0 = Debug|Any CPU
		{D3EEA0CE-46BB-474B-A048-9E8D7330638A}.Release|Any CPU.ActiveCfg = Release|Any CPU
		{D3EEA0CE-46BB-474B-A048-9E8D7330638A}.Release|Any CPU.Build.0 = Release|Any CPU
	EndGlobalSection
	GlobalSection(SolutionProperties) = preSolution
		HideSolutionNode = FALSE
	EndGlobalSection
	GlobalSection(ExtensibilityGlobals) = postSolution
		SolutionGuid = {58AEA99F-3222-40BF-84CA-7C2E34381660}
	EndGlobalSection
EndGlobal
